
Microsoft Visual Studio Solution File, Format Version 12.00
# Visual Studio Version 16
VisualStudioVersion = 16.0.31313.79
MinimumVisualStudioVersion = 10.0.40219.1
Project("{FAE04EC0-301F-11D3-BF4B-00C04F79EFBC}") = "ProjetoCrea", "ProjetoCrea\ProjetoCrea.csproj", "{DC693E41-CDE1-468F-AA4A-4D5ECC680220}"
EndProject
Global
	GlobalSection(SolutionConfigurationPlatforms) = preSolution
		Debug|Any CPU = Debug|Any CPU
		Release|Any CPU = Release|Any CPU
	EndGlobalSection
	GlobalSection(ProjectConfigurationPlatforms) = postSolution
		{DC693E41-CDE1-468F-AA4A-4D5ECC680220}.Debug|Any CPU.ActiveCfg = Debug|Any CPU
		{DC693E41-CDE1-468F-AA4A-4D5ECC680220}.Debug|Any CPU.Build.0 = Debug|Any CPU
		{DC693E41-CDE1-468F-AA4A-4D5ECC680220}.Release|Any CPU.ActiveCfg = Release|Any CPU
		{DC693E41-CDE1-468F-AA4A-4D5ECC680220}.Release|Any CPU.Build.0 = Release|Any CPU
	EndGlobalSection
	GlobalSection(SolutionProperties) = preSolution
		HideSolutionNode = FALSE
	EndGlobalSection
	GlobalSection(ExtensibilityGlobals) = postSolution
		SolutionGuid = {39282387-99C5-4946-9F68-05FECEE732F7}
	EndGlobalSection
EndGlobal
